{
  "name": "JWT-demo",
  "lockfileVersion": 3,
  "requires": true,
  "packages": {
    "": {
      "dependencies": {
        "mybatis": "^0.0.1"
      }
    },
    "node_modules/mybatis": {
      "version": "0.0.1",
      "resolved": "https://registry.npmjs.org/mybatis/-/mybatis-0.0.1.tgz",
      "integrity": "sha512-wwcqCpjKwN/WN0knZ+KivUgnPUNVhobo1lb/IKaxWtsl/XFtHcJrNUJfPwAMQPPVxiYAmM2CtciE8ILdqd7XvQ=="
    }
  }
}
